// !$*UTF8*$!
{
	archiveVersion = 1;
	classes = {
	};
	objectVersion = 56;
	objects = {

/* Begin PBXBuildFile section */
		081252232B442E7900EA9B68 /* Unit_ConverterApp.swift in Sources */ = {isa = PBXBuildFile; fileRef = 081252222B442E7900EA9B68 /* Unit_ConverterApp.swift */; };
		081252272B442E7A00EA9B68 /* Assets.xcassets in Resources */ = {isa = PBXBuildFile; fileRef = 081252262B442E7A00EA9B68 /* Assets.xcassets */; };
		0812522A2B442E7A00EA9B68 /* Preview Assets.xcassets in Resources */ = {isa = PBXBuildFile; fileRef = 081252292B442E7A00EA9B68 /* Preview Assets.xcassets */; };
		081252382B442ED100EA9B68 /* CategoryDetailsView.swift in Sources */ = {isa = PBXBuildFile; fileRef = 081252332B442ED000EA9B68 /* CategoryDetailsView.swift */; };
		081252392B442ED100EA9B68 /* CategoryInfoView.swift in Sources */ = {isa = PBXBuildFile; fileRef = 081252342B442ED000EA9B68 /* CategoryInfoView.swift */; };
		0812523A2B442ED100EA9B68 /* CategorySelectionBarView.swift in Sources */ = {isa = PBXBuildFile; fileRef = 081252352B442ED000EA9B68 /* CategorySelectionBarView.swift */; };
		0812523B2B442ED100EA9B68 /* CategorySelectionView.swift in Sources */ = {isa = PBXBuildFile; fileRef = 081252362B442ED100EA9B68 /* CategorySelectionView.swift */; };
		0812523C2B442ED100EA9B68 /* InitialView.swift in Sources */ = {isa = PBXBuildFile; fileRef = 081252372B442ED100EA9B68 /* InitialView.swift */; };
		081252412B442EEB00EA9B68 /* Category.swift in Sources */ = {isa = PBXBuildFile; fileRef = 0812523D2B442EEB00EA9B68 /* Category.swift */; };
		081252422B442EEB00EA9B68 /* CategoryManager.swift in Sources */ = {isa = PBXBuildFile; fileRef = 0812523E2B442EEB00EA9B68 /* CategoryManager.swift */; };
		081252432B442EEB00EA9B68 /* View+Extension.swift in Sources */ = {isa = PBXBuildFile; fileRef = 0812523F2B442EEB00EA9B68 /* View+Extension.swift */; };
		081252442B442EEB00EA9B68 /* CategoryDetailViewModel.swift in Sources */ = {isa = PBXBuildFile; fileRef = 081252402B442EEB00EA9B68 /* CategoryDetailViewModel.swift */; };
/* End PBXBuildFile section */

/* Begin PBXFileReference section */
		0812521F2B442E7900EA9B68 /* Unit Converter.app */ = {isa = PBXFileReference; explicitFileType = wrapper.application; includeInIndex = 0; path = "Unit Converter.app"; sourceTree = BUILT_PRODUCTS_DIR; };
		081252222B442E7900EA9B68 /* Unit_ConverterApp.swift */ = {isa = PBXFileReference; lastKnownFileType = sourcecode.swift; path = Unit_ConverterApp.swift; sourceTree = "<group>"; };
		081252262B442E7A00EA9B68 /* Assets.xcassets */ = {isa = PBXFileReference; lastKnownFileType = folder.assetcatalog; path = Assets.xcassets; sourceTree = "<group>"; };
		081252292B442E7A00EA9B68 /* Preview Assets.xcassets */ = {isa = PBXFileReference; lastKnownFileType = folder.assetcatalog; path = "Preview Assets.xcassets"; sourceTree = "<group>"; };
		081252332B442ED000EA9B68 /* CategoryDetailsView.swift */ = {isa = PBXFileReference; fileEncoding = 4; lastKnownFileType = sourcecode.swift; path = CategoryDetailsView.swift; sourceTree = "<group>"; };
		081252342B442ED000EA9B68 /* CategoryInfoView.swift */ = {isa = PBXFileReference; fileEncoding = 4; lastKnownFileType = sourcecode.swift; path = CategoryInfoView.swift; sourceTree = "<group>"; };
		081252352B442ED000EA9B68 /* CategorySelectionBarView.swift */ = {isa = PBXFileReference; fileEncoding = 4; lastKnownFileType = sourcecode.swift; path = CategorySelectionBarView.swift; sourceTree = "<group>"; };
		081252362B442ED100EA9B68 /* CategorySelectionView.swift */ = {isa = PBXFileReference; fileEncoding = 4; lastKnownFileType = sourcecode.swift; path = CategorySelectionView.swift; sourceTree = "<group>"; };
		081252372B442ED100EA9B68 /* InitialView.swift */ = {isa = PBXFileReference; fileEncoding = 4; lastKnownFileType = sourcecode.swift; path = InitialView.swift; sourceTree = "<group>"; };
		0812523D2B442EEB00EA9B68 /* Category.swift */ = {isa = PBXFileReference; fileEncoding = 4; lastKnownFileType = sourcecode.swift; path = Category.swift; sourceTree = "<group>"; };
		0812523E2B442EEB00EA9B68 /* CategoryManager.swift */ = {isa = PBXFileReference; fileEncoding = 4; lastKnownFileType = sourcecode.swift; path = CategoryManager.swift; sourceTree = "<group>"; };
		0812523F2B442EEB00EA9B68 /* View+Extension.swift */ = {isa = PBXFileReference; fileEncoding = 4; lastKnownFileType = sourcecode.swift; path = "View+Extension.swift"; sourceTree = "<group>"; };
		081252402B442EEB00EA9B68 /* CategoryDetailViewModel.swift */ = {isa = PBXFileReference; fileEncoding = 4; lastKnownFileType = sourcecode.swift; path = CategoryDetailViewModel.swift; sourceTree = "<group>"; };
/* End PBXFileReference section */

/* Begin PBXFrameworksBuildPhase section */
		0812521C2B442E7900EA9B68 /* Frameworks */ = {
			isa = PBXFrameworksBuildPhase;
			buildActionMask = 2147483647;
			files = (
			);
			runOnlyForDeploymentPostprocessing = 0;
		};
/* End PBXFrameworksBuildPhase section */

/* Begin PBXGroup section */
		081252162B442E7900EA9B68 = {
			isa = PBXGroup;
			children = (
				081252212B442E7900EA9B68 /* Unit Converter */,
				081252202B442E7900EA9B68 /* Products */,
			);
			sourceTree = "<group>";
		};
		081252202B442E7900EA9B68 /* Products */ = {
			isa = PBXGroup;
			children = (
				0812521F2B442E7900EA9B68 /* Unit Converter.app */,
			);
			name = Products;
			sourceTree = "<group>";
		};
		081252212B442E7900EA9B68 /* Unit Converter */ = {
			isa = PBXGroup;
			children = (
				0812523E2B442EEB00EA9B68 /* CategoryManager.swift */,
				081252452B442EF500EA9B68 /* Extensions */,
				081252322B442EB000EA9B68 /* Views */,
				081252312B442EA800EA9B68 /* ViewModel */,
				081252302B442EA300EA9B68 /* Model */,
				081252222B442E7900EA9B68 /* Unit_ConverterApp.swift */,
				081252262B442E7A00EA9B68 /* Assets.xcassets */,
				081252282B442E7A00EA9B68 /* Preview Content */,
			);
			path = "Unit Converter";
			sourceTree = "<group>";
		};
		081252282B442E7A00EA9B68 /* Preview Content */ = {
			isa = PBXGroup;
			children = (
				081252292B442E7A00EA9B68 /* Preview Assets.xcassets */,
			);
			path = "Preview Content";
			sourceTree = "<group>";
		};
		081252302B442EA300EA9B68 /* Model */ = {
			isa = PBXGroup;
			children = (
				0812523D2B442EEB00EA9B68 /* Category.swift */,
			);
			path = Model;
			sourceTree = "<group>";
		};
		081252312B442EA800EA9B68 /* ViewModel */ = {
			isa = PBXGroup;
			children = (
				081252402B442EEB00EA9B68 /* CategoryDetailViewModel.swift */,
			);
			path = ViewModel;
			sourceTree = "<group>";
		};
		081252322B442EB000EA9B68 /* Views */ = {
			isa = PBXGroup;
			children = (
				081252332B442ED000EA9B68 /* CategoryDetailsView.swift */,
				081252342B442ED000EA9B68 /* CategoryInfoView.swift */,
				081252352B442ED000EA9B68 /* CategorySelectionBarView.swift */,
				081252362B442ED100EA9B68 /* CategorySelectionView.swift */,
				081252372B442ED100EA9B68 /* InitialView.swift */,
			);
			path = Views;
			sourceTree = "<group>";
		};
		081252452B442EF500EA9B68 /* Extensions */ = {
			isa = PBXGroup;
			children = (
				0812523F2B442EEB00EA9B68 /* View+Extension.swift */,
			);
			path = Extensions;
			sourceTree = "<group>";
		};
/* End PBXGroup section */

/* Begin PBXNativeTarget section */
		0812521E2B442E7900EA9B68 /* Unit Converter */ = {
			isa = PBXNativeTarget;
			buildConfigurationList = 0812522D2B442E7A00EA9B68 /* Build configuration list for PBXNativeTarget "Unit Converter" */;
			buildPhases = (
				0812521B2B442E7900EA9B68 /* Sources */,
				0812521C2B442E7900EA9B68 /* Frameworks */,
				0812521D2B442E7900EA9B68 /* Resources */,
			);
			buildRules = (
			);
			dependencies = (
			);
			name = "Unit Converter";
			productName = "Unit Converter";
			productReference = 0812521F2B442E7900EA9B68 /* Unit Converter.app */;
			productType = "com.apple.product-type.application";
		};
/* End PBXNativeTarget section */

/* Begin PBXProject section */
		081252172B442E7900EA9B68 /* Project object */ = {
			isa = PBXProject;
			attributes = {
				BuildIndependentTargetsInParallel = 1;
				LastSwiftUpdateCheck = 1510;
				LastUpgradeCheck = 1510;
				TargetAttributes = {
					0812521E2B442E7900EA9B68 = {
						CreatedOnToolsVersion = 15.1;
					};
				};
			};
			buildConfigurationList = 0812521A2B442E7900EA9B68 /* Build configuration list for PBXProject "Unit Converter" */;
			compatibilityVersion = "Xcode 14.0";
			developmentRegion = en;
			hasScannedForEncodings = 0;
			knownRegions = (
				en,
				Base,
			);
			mainGroup = 081252162B442E7900EA9B68;
			productRefGroup = 081252202B442E7900EA9B68 /* Products */;
			projectDirPath = "";
			projectRoot = "";
			targets = (
				0812521E2B442E7900EA9B68 /* Unit Converter */,
			);
		};
/* End PBXProject section */

/* Begin PBXResourcesBuildPhase section */
		0812521D2B442E7900EA9B68 /* Resources */ = {
			isa = PBXResourcesBuildPhase;
			buildActionMask = 2147483647;
			files = (
				0812522A2B442E7A00EA9B68 /* Preview Assets.xcassets in Resources */,
				081252272B442E7A00EA9B68 /* Assets.xcassets in Resources */,
			);
			runOnlyForDeploymentPostprocessing = 0;
		};
/* End PBXResourcesBuildPhase section */

/* Begin PBXSourcesBuildPhase section */
		0812521B2B442E7900EA9B68 /* Sources */ = {
			isa = PBXSourcesBuildPhase;
			buildActionMask = 2147483647;
			files = (
				081252232B442E7900EA9B68 /* Unit_ConverterApp.swift in Sources */,
				081252432B442EEB00EA9B68 /* View+Extension.swift in Sources */,
				081252422B442EEB00EA9B68 /* CategoryManager.swift in Sources */,
				081252392B442ED100EA9B68 /* CategoryInfoView.swift in Sources */,
				081252382B442ED100EA9B68 /* CategoryDetailsView.swift in Sources */,
				081252442B442EEB00EA9B68 /* CategoryDetailViewModel.swift in Sources */,
				0812523A2B442ED100EA9B68 /* CategorySelectionBarView.swift in Sources */,
				0812523C2B442ED100EA9B68 /* InitialView.swift in Sources */,
				0812523B2B442ED100EA9B68 /* CategorySelectionView.swift in Sources */,
				081252412B442EEB00EA9B68 /* Category.swift in Sources */,
			);
			runOnlyForDeploymentPostprocessing = 0;
		};
/* End PBXSourcesBuildPhase section */

/* Begin XCBuildConfiguration section */
		0812522B2B442E7A00EA9B68 /* Debug */ = {
			isa = XCBuildConfiguration;
			buildSettings = {
				ALWAYS_SEARCH_USER_PATHS = NO;
				ASSETCATALOG_COMPILER_GENERATE_SWIFT_ASSET_SYMBOL_EXTENSIONS = YES;
				CLANG_ANALYZER_NONNULL = YES;
				CLANG_ANALYZER_NUMBER_OBJECT_CONVERSION = YES_AGGRESSIVE;
				CLANG_CXX_LANGUAGE_STANDARD = "gnu++20";
				CLANG_ENABLE_MODULES = YES;
				CLANG_ENABLE_OBJC_ARC = YES;
				CLANG_ENABLE_OBJC_WEAK = YES;
				CLANG_WARN_BLOCK_CAPTURE_AUTORELEASING = YES;
				CLANG_WARN_BOOL_CONVERSION = YES;
				CLANG_WARN_COMMA = YES;
				CLANG_WARN_CONSTANT_CONVERSION = YES;
				CLANG_WARN_DEPRECATED_OBJC_IMPLEMENTATIONS = YES;
				CLANG_WARN_DIRECT_OBJC_ISA_USAGE = YES_ERROR;
				CLANG_WARN_DOCUMENTATION_COMMENTS = YES;
				CLANG_WARN_EMPTY_BODY = YES;
				CLANG_WARN_ENUM_CONVERSION = YES;
				CLANG_WARN_INFINITE_RECURSION = YES;
				CLANG_WARN_INT_CONVERSION = YES;
				CLANG_WARN_NON_LITERAL_NULL_CONVERSION = YES;
				CLANG_WARN_OBJC_IMPLICIT_RETAIN_SELF = YES;
				CLANG_WARN_OBJC_LITERAL_CONVERSION = YES;
				CLANG_WARN_OBJC_ROOT_CLASS = YES_ERROR;
				CLANG_WARN_QUOTED_INCLUDE_IN_FRAMEWORK_HEADER = YES;
				CLANG_WARN_RANGE_LOOP_ANALYSIS = YES;
				CLANG_WARN_STRICT_PROTOTYPES = YES;
				CLANG_WARN_SUSPICIOUS_MOVE = YES;
				CLANG_WARN_UNGUARDED_AVAILABILITY = YES_AGGRESSIVE;
				CLANG_WARN_UNREACHABLE_CODE = YES;
				CLANG_WARN__DUPLICATE_METHOD_MATCH = YES;
				COPY_PHASE_STRIP = NO;
				DEBUG_INFORMATION_FORMAT = dwarf;
				ENABLE_STRICT_OBJC_MSGSEND = YES;
				ENABLE_TESTABILITY = YES;
				ENABLE_USER_SCRIPT_SANDBOXING = YES;
				GCC_C_LANGUAGE_STANDARD = gnu17;
				GCC_DYNAMIC_NO_PIC = NO;
				GCC_NO_COMMON_BLOCKS = YES;
				GCC_OPTIMIZATION_LEVEL = 0;
				GCC_PREPROCESSOR_DEFINITIONS = (
					"DEBUG=1",
					"$(inherited)",
				);
				GCC_WARN_64_TO_32_BIT_CONVERSION = YES;
				GCC_WARN_ABOUT_RETURN_TYPE = YES_ERROR;
				GCC_WARN_UNDECLARED_SELECTOR = YES;
				GCC_WARN_UNINITIALIZED_AUTOS = YES_AGGRESSIVE;
				GCC_WARN_UNUSED_FUNCTION = YES;
				GCC_WARN_UNUSED_VARIABLE = YES;
				IPHONEOS_DEPLOYMENT_TARGET = 17.2;
				LOCALIZATION_PREFERS_STRING_CATALOGS = YES;
				MTL_ENABLE_DEBUG_INFO = INCLUDE_SOURCE;
				MTL_FAST_MATH = YES;
				ONLY_ACTIVE_ARCH = YES;
				SDKROOT = iphoneos;
				SWIFT_ACTIVE_COMPILATION_CONDITIONS = "DEBUG $(inherited)";
				SWIFT_OPTIMIZATION_LEVEL = "-Onone";
			};
			name = Debug;
		};
		0812522C2B442E7A00EA9B68 /* Release */ = {
			isa = XCBuildConfiguration;
			buildSettings = {
				ALWAYS_SEARCH_USER_PATHS = NO;
				ASSETCATALOG_COMPILER_GENERATE_SWIFT_ASSET_SYMBOL_EXTENSIONS = YES;
				CLANG_ANALYZER_NONNULL = YES;
				CLANG_ANALYZER_NUMBER_OBJECT_CONVERSION = YES_AGGRESSIVE;
				CLANG_CXX_LANGUAGE_STANDARD = "gnu++20";
				CLANG_ENABLE_MODULES = YES;
				CLANG_ENABLE_OBJC_ARC = YES;
				CLANG_ENABLE_OBJC_WEAK = YES;
				CLANG_WARN_BLOCK_CAPTURE_AUTORELEASING = YES;
				CLANG_WARN_BOOL_CONVERSION = YES;
				CLANG_WARN_COMMA = YES;
				CLANG_WARN_CONSTANT_CONVERSION = YES;
				CLANG_WARN_DEPRECATED_OBJC_IMPLEMENTATIONS = YES;
				CLANG_WARN_DIRECT_OBJC_ISA_USAGE = YES_ERROR;
				CLANG_WARN_DOCUMENTATION_COMMENTS = YES;
				CLANG_WARN_EMPTY_BODY = YES;
				CLANG_WARN_ENUM_CONVERSION = YES;
				CLANG_WARN_INFINITE_RECURSION = YES;
				CLANG_WARN_INT_CONVERSION = YES;
				CLANG_WARN_NON_LITERAL_NULL_CONVERSION = YES;
				CLANG_WARN_OBJC_IMPLICIT_RETAIN_SELF = YES;
				CLANG_WARN_OBJC_LITERAL_CONVERSION = YES;
				CLANG_WARN_OBJC_ROOT_CLASS = YES_ERROR;
				CLANG_WARN_QUOTED_INCLUDE_IN_FRAMEWORK_HEADER = YES;
				CLANG_WARN_RANGE_LOOP_ANALYSIS = YES;
				CLANG_WARN_STRICT_PROTOTYPES = YES;
				CLANG_WARN_SUSPICIOUS_MOVE = YES;
				CLANG_WARN_UNGUARDED_AVAILABILITY = YES_AGGRESSIVE;
				CLANG_WARN_UNREACHABLE_CODE = YES;
				CLANG_WARN__DUPLICATE_METHOD_MATCH = YES;
				COPY_PHASE_STRIP = NO;
				DEBUG_INFORMATION_FORMAT = "dwarf-with-dsym";
				ENABLE_NS_ASSERTIONS = NO;
				ENABLE_STRICT_OBJC_MSGSEND = YES;
				ENABLE_USER_SCRIPT_SANDBOXING = YES;
				GCC_C_LANGUAGE_STANDARD = gnu17;
				GCC_NO_COMMON_BLOCKS = YES;
				GCC_WARN_64_TO_32_BIT_CONVERSION = YES;
				GCC_WARN_ABOUT_RETURN_TYPE = YES_ERROR;
				GCC_WARN_UNDECLARED_SELECTOR = YES;
				GCC_WARN_UNINITIALIZED_AUTOS = YES_AGGRESSIVE;
				GCC_WARN_UNUSED_FUNCTION = YES;
				GCC_WARN_UNUSED_VARIABLE = YES;
				IPHONEOS_DEPLOYMENT_TARGET = 17.2;
				LOCALIZATION_PREFERS_STRING_CATALOGS = YES;
				MTL_ENABLE_DEBUG_INFO = NO;
				MTL_FAST_MATH = YES;
				SDKROOT = iphoneos;
				SWIFT_COMPILATION_MODE = wholemodule;
				VALIDATE_PRODUCT = YES;
			};
			name = Release;
		};
		0812522E2B442E7A00EA9B68 /* Debug */ = {
			isa = XCBuildConfiguration;
			buildSettings = {
				ASSETCATALOG_COMPILER_APPICON_NAME = AppIcon;
				ASSETCATALOG_COMPILER_GLOBAL_ACCENT_COLOR_NAME = AccentColor;
				CODE_SIGN_STYLE = Automatic;
				CURRENT_PROJECT_VERSION = 1;
				DEVELOPMENT_ASSET_PATHS = "\"Unit Converter/Preview Content\"";
				DEVELOPMENT_TEAM = 2L8MD46Y3A;
				ENABLE_PREVIEWS = YES;
				GENERATE_INFOPLIST_FILE = YES;
				INFOPLIST_KEY_UIApplicationSceneManifest_Generation = YES;
				INFOPLIST_KEY_UIApplicationSupportsIndirectInputEvents = YES;
				INFOPLIST_KEY_UILaunchScreen_Generation = YES;
				INFOPLIST_KEY_UISupportedInterfaceOrientations_iPad = "UIInterfaceOrientationPortrait UIInterfaceOrientationPortraitUpsideDown UIInterfaceOrientationLandscapeLeft UIInterfaceOrientationLandscapeRight";
				INFOPLIST_KEY_UISupportedInterfaceOrientations_iPhone = "UIInterfaceOrientationPortrait UIInterfaceOrientationLandscapeLeft UIInterfaceOrientationLandscapeRight";
				LD_RUNPATH_SEARCH_PATHS = (
					"$(inherited)",
					"@executable_path/Frameworks",
				);
				MARKETING_VERSION = 1.0;
				PRODUCT_BUNDLE_IDENTIFIER = "fr.mattdgl.moneytracker.Unit-Converter";
				PRODUCT_NAME = "$(TARGET_NAME)";
				SWIFT_EMIT_LOC_STRINGS = YES;
				SWIFT_VERSION = 5.0;
				TARGETED_DEVICE_FAMILY = "1,2";
			};
			name = Debug;
		};
		0812522F2B442E7A00EA9B68 /* Release */ = {
			isa = XCBuildConfiguration;
			buildSettings = {
				ASSETCATALOG_COMPILER_APPICON_NAME = AppIcon;
				ASSETCATALOG_COMPILER_GLOBAL_ACCENT_COLOR_NAME = AccentColor;
				CODE_SIGN_STYLE = Automatic;
				CURRENT_PROJECT_VERSION = 1;
				DEVELOPMENT_ASSET_PATHS = "\"Unit Converter/Preview Content\"";
				DEVELOPMENT_TEAM = 2L8MD46Y3A;
				ENABLE_PREVIEWS = YES;
				GENERATE_INFOPLIST_FILE = YES;
				INFOPLIST_KEY_UIApplicationSceneManifest_Generation = YES;
				INFOPLIST_KEY_UIApplicationSupportsIndirectInputEvents = YES;
				INFOPLIST_KEY_UILaunchScreen_Generation = YES;
				INFOPLIST_KEY_UISupportedInterfaceOrientations_iPad = "UIInterfaceOrientationPortrait UIInterfaceOrientationPortraitUpsideDown UIInterfaceOrientationLandscapeLeft UIInterfaceOrientationLandscapeRight";
				INFOPLIST_KEY_UISupportedInterfaceOrientations_iPhone = "UIInterfaceOrientationPortrait UIInterfaceOrientationLandscapeLeft UIInterfaceOrientationLandscapeRight";
				LD_RUNPATH_SEARCH_PATHS = (
					"$(inherited)",
					"@executable_path/Frameworks",
				);
				MARKETING_VERSION = 1.0;
				PRODUCT_BUNDLE_IDENTIFIER = "fr.mattdgl.moneytracker.Unit-Converter";
				PRODUCT_NAME = "$(TARGET_NAME)";
				SWIFT_EMIT_LOC_STRINGS = YES;
				SWIFT_VERSION = 5.0;
				TARGETED_DEVICE_FAMILY = "1,2";
			};
			name = Release;
		};
/* End XCBuildConfiguration section */

/* Begin XCConfigurationList section */
		0812521A2B442E7900EA9B68 /* Build configuration list for PBXProject "Unit Converter" */ = {
			isa = XCConfigurationList;
			buildConfigurations = (
				0812522B2B442E7A00EA9B68 /* Debug */,
				0812522C2B442E7A00EA9B68 /* Release */,
			);
			defaultConfigurationIsVisible = 0;
			defaultConfigurationName = Release;
		};
		0812522D2B442E7A00EA9B68 /* Build configuration list for PBXNativeTarget "Unit Converter" */ = {
			isa = XCConfigurationList;
			buildConfigurations = (
				0812522E2B442E7A00EA9B68 /* Debug */,
				0812522F2B442E7A00EA9B68 /* Release */,
			);
			defaultConfigurationIsVisible = 0;
			defaultConfigurationName = Release;
		};
/* End XCConfigurationList section */
	};
	rootObject = 081252172B442E7900EA9B68 /* Project object */;
}
